
Microsoft Visual Studio Solution File, Format Version 12.00
# Visual Studio Version 16
VisualStudioVersion = 16.0.31911.196
MinimumVisualStudioVersion = 10.0.40219.1
Project("{9A19103F-16F7-4668-BE54-9A1E7A4F7556}") = "2-method_overriding", "2-method_overriding\2-method_overriding.csproj", "{7BC1FDCE-0635-4E67-85BE-810E066CF50E}"
EndProject
Project("{9A19103F-16F7-4668-BE54-9A1E7A4F7556}") = "1-inheriting_from_class_object", "1-inheriting_from_class_object\1-inheriting_from_class_object.csproj", "{2AB79B8F-137F-4FE6-8480-1807C05F5431}"
EndProject
Project("{9A19103F-16F7-4668-BE54-9A1E7A4F7556}") = "3-base", "3-base\3-base.csproj", "{5525B94B-BCFD-4170-94F4-4BE7F0B1E086}"
EndProject
Project("{9A19103F-16F7-4668-BE54-9A1E7A4F7556}") = "4-nested_class", "4-nested_class\4-nested_class.csproj", "{629988FF-9C20-4002-9512-748C37AC7ADA}"
EndProject
Project("{9A19103F-16F7-4668-BE54-9A1E7A4F7556}") = "5-abstract-class", "5-abstract-class\5-abstract-class.csproj", "{6EF4DEF9-42DD-48DE-9155-2FE485AABDC4}"
EndProject
Project("{9A19103F-16F7-4668-BE54-9A1E7A4F7556}") = "6-operator_as_and_is", "6-operator_as_and_is\6-operator_as_and_is.csproj", "{33AE3B8F-5DB2-4CB1-B3E2-95E838C6EF3D}"
EndProject
Project("{FAE04EC0-301F-11D3-BF4B-00C04F79EFBC}") = "7-partial-class", "7-partial-class\7-partial-class.csproj", "{40477429-4364-4B12-90D1-5841CD45DFE5}"
EndProject
Global
	GlobalSection(SolutionConfigurationPlatforms) = preSolution
		Debug|Any CPU = Debug|Any CPU
		Release|Any CPU = Release|Any CPU
	EndGlobalSection
	GlobalSection(ProjectConfigurationPlatforms) = postSolution
		{7BC1FDCE-0635-4E67-85BE-810E066CF50E}.Debug|Any CPU.ActiveCfg = Debug|Any CPU
		{7BC1FDCE-0635-4E67-85BE-810E066CF50E}.Debug|Any CPU.Build.0 = Debug|Any CPU
		{7BC1FDCE-0635-4E67-85BE-810E066CF50E}.Release|Any CPU.ActiveCfg = Release|Any CPU
		{7BC1FDCE-0635-4E67-85BE-810E066CF50E}.Release|Any CPU.Build.0 = Release|Any CPU
		{2AB79B8F-137F-4FE6-8480-1807C05F5431}.Debug|Any CPU.ActiveCfg = Debug|Any CPU
		{2AB79B8F-137F-4FE6-8480-1807C05F5431}.Debug|Any CPU.Build.0 = Debug|Any CPU
		{2AB79B8F-137F-4FE6-8480-1807C05F5431}.Release|Any CPU.ActiveCfg = Release|Any CPU
		{2AB79B8F-137F-4FE6-8480-1807C05F5431}.Release|Any CPU.Build.0 = Release|Any CPU
		{5525B94B-BCFD-4170-94F4-4BE7F0B1E086}.Debug|Any CPU.ActiveCfg = Debug|Any CPU
		{5525B94B-BCFD-4170-94F4-4BE7F0B1E086}.Debug|Any CPU.Build.0 = Debug|Any CPU
		{5525B94B-BCFD-4170-94F4-4BE7F0B1E086}.Release|Any CPU.ActiveCfg = Release|Any CPU
		{5525B94B-BCFD-4170-94F4-4BE7F0B1E086}.Release|Any CPU.Build.0 = Release|Any CPU
		{629988FF-9C20-4002-9512-748C37AC7ADA}.Debug|Any CPU.ActiveCfg = Debug|Any CPU
		{629988FF-9C20-4002-9512-748C37AC7ADA}.Debug|Any CPU.Build.0 = Debug|Any CPU
		{629988FF-9C20-4002-9512-748C37AC7ADA}.Release|Any CPU.ActiveCfg = Release|Any CPU
		{629988FF-9C20-4002-9512-748C37AC7ADA}.Release|Any CPU.Build.0 = Release|Any CPU
		{6EF4DEF9-42DD-48DE-9155-2FE485AABDC4}.Debug|Any CPU.ActiveCfg = Debug|Any CPU
		{6EF4DEF9-42DD-48DE-9155-2FE485AABDC4}.Debug|Any CPU.Build.0 = Debug|Any CPU
		{6EF4DEF9-42DD-48DE-9155-2FE485AABDC4}.Release|Any CPU.ActiveCfg = Release|Any CPU
		{6EF4DEF9-42DD-48DE-9155-2FE485AABDC4}.Release|Any CPU.Build.0 = Release|Any CPU
		{33AE3B8F-5DB2-4CB1-B3E2-95E838C6EF3D}.Debug|Any CPU.ActiveCfg = Debug|Any CPU
		{33AE3B8F-5DB2-4CB1-B3E2-95E838C6EF3D}.Debug|Any CPU.Build.0 = Debug|Any CPU
		{33AE3B8F-5DB2-4CB1-B3E2-95E838C6EF3D}.Release|Any CPU.ActiveCfg = Release|Any CPU
		{33AE3B8F-5DB2-4CB1-B3E2-95E838C6EF3D}.Release|Any CPU.Build.0 = Release|Any CPU
		{40477429-4364-4B12-90D1-5841CD45DFE5}.Debug|Any CPU.ActiveCfg = Debug|Any CPU
		{40477429-4364-4B12-90D1-5841CD45DFE5}.Debug|Any CPU.Build.0 = Debug|Any CPU
		{40477429-4364-4B12-90D1-5841CD45DFE5}.Release|Any CPU.ActiveCfg = Release|Any CPU
		{40477429-4364-4B12-90D1-5841CD45DFE5}.Release|Any CPU.Build.0 = Release|Any CPU
	EndGlobalSection
	GlobalSection(SolutionProperties) = preSolution
		HideSolutionNode = FALSE
	EndGlobalSection
	GlobalSection(ExtensibilityGlobals) = postSolution
		SolutionGuid = {8E4AB666-3CAB-402E-A1F4-7F8AA97B0200}
	EndGlobalSection
EndGlobal
